
Microsoft Visual Studio Solution File, Format Version 12.00
# Visual Studio Version 17
VisualStudioVersion = 17.4.33110.190
MinimumVisualStudioVersion = 10.0.40219.1
Project("{FAE04EC0-301F-11D3-BF4B-00C04F79EFBC}") = "DateConverter", "DateConverter.csproj", "{1DD18E8B-7390-442B-A782-F3202E9AB6C2}"
EndProject
Global
	GlobalSection(SolutionConfigurationPlatforms) = preSolution
		Debug|Any CPU = Debug|Any CPU
		Release|Any CPU = Release|Any CPU
	EndGlobalSection
	GlobalSection(ProjectConfigurationPlatforms) = postSolution
		{1DD18E8B-7390-442B-A782-F3202E9AB6C2}.Debug|Any CPU.ActiveCfg = Debug|Any CPU
		{1DD18E8B-7390-442B-A782-F3202E9AB6C2}.Debug|Any CPU.Build.0 = Debug|Any CPU
		{1DD18E8B-7390-442B-A782-F3202E9AB6C2}.Release|Any CPU.ActiveCfg = Release|Any CPU
		{1DD18E8B-7390-442B-A782-F3202E9AB6C2}.Release|Any CPU.Build.0 = Release|Any CPU
	EndGlobalSection
	GlobalSection(SolutionProperties) = preSolution
		HideSolutionNode = FALSE
	EndGlobalSection
	GlobalSection(ExtensibilityGlobals) = postSolution
		SolutionGuid = {5998FA5D-4A78-4F13-B43C-E2C6EDE604EF}
	EndGlobalSection
EndGlobal
